
Microsoft Visual Studio Solution File, Format Version 12.00
# Visual Studio Version 17
VisualStudioVersion = 17.10.35122.118
MinimumVisualStudioVersion = 10.0.40219.1
Project("{FAE04EC0-301F-11D3-BF4B-00C04F79EFBC}") = "TPWinForm_equipo-18A", "TPWinForm_equipo-18A.csproj", "{3E7634E9-9448-4E21-A0CB-55CCE26779A6}"
EndProject
Global
	GlobalSection(SolutionConfigurationPlatforms) = preSolution
		Debug|Any CPU = Debug|Any CPU
		Release|Any CPU = Release|Any CPU
	EndGlobalSection
	GlobalSection(ProjectConfigurationPlatforms) = postSolution
		{3E7634E9-9448-4E21-A0CB-55CCE26779A6}.Debug|Any CPU.ActiveCfg = Debug|Any CPU
		{3E7634E9-9448-4E21-A0CB-55CCE26779A6}.Debug|Any CPU.Build.0 = Debug|Any CPU
		{3E7634E9-9448-4E21-A0CB-55CCE26779A6}.Release|Any CPU.ActiveCfg = Release|Any CPU
		{3E7634E9-9448-4E21-A0CB-55CCE26779A6}.Release|Any CPU.Build.0 = Release|Any CPU
	EndGlobalSection
	GlobalSection(SolutionProperties) = preSolution
		HideSolutionNode = FALSE
	EndGlobalSection
	GlobalSection(ExtensibilityGlobals) = postSolution
		SolutionGuid = {A781B5CB-F1BD-40FA-ABF4-2511C06743A3}
	EndGlobalSection
EndGlobal
